
Microsoft Visual Studio Solution File, Format Version 12.00
# Visual Studio 14
VisualStudioVersion = 14.0.25420.1
MinimumVisualStudioVersion = 10.0.40219.1
Project("{FAE04EC0-301F-11D3-BF4B-00C04F79EFBC}") = "CoverageDashboard.Mongo", "CoverageDashBoard.Mongo\CoverageDashboard.Mongo.csproj", "{9C66BCEF-DE7E-4D9E-B73B-3772F8EC948A}"
EndProject
Project("{FAE04EC0-301F-11D3-BF4B-00C04F79EFBC}") = "CoverageDashboard.Core", "CoverageDashboard.Core\CoverageDashboard.Core.csproj", "{B95E8722-1277-48F8-A854-4DDD2A37FE56}"
EndProject
Project("{FAE04EC0-301F-11D3-BF4B-00C04F79EFBC}") = "CoverageDashboard.Application", "CoverageDashboard.Application\CoverageDashboard.Application.csproj", "{6C8879D9-2F10-4151-A6E6-CF518076F408}"
EndProject
Project("{2150E333-8FDC-42A3-9474-1A3956D46DE8}") = "Tests", "Tests", "{3D43A9D2-3BC7-47B1-851D-4CD50F8EC7DC}"
EndProject
Project("{FAE04EC0-301F-11D3-BF4B-00C04F79EFBC}") = "CoverageDashboard.Web", "CoverageDashboard.Web\CoverageDashboard.Web.csproj", "{3ED82F96-B686-4CA8-AC2C-A21B5C81C533}"
EndProject
Project("{2150E333-8FDC-42A3-9474-1A3956D46DE8}") = ".nuget", ".nuget", "{656E5D0A-D9A4-4BB1-AD0E-0EAD2AE57AC5}"
	ProjectSection(SolutionItems) = preProject
		..\..\..\KnowledgeCoverageDashboard\CoverageDashboard\.nuget\NuGet.Config = ..\..\..\KnowledgeCoverageDashboard\CoverageDashboard\.nuget\NuGet.Config
		..\..\..\KnowledgeCoverageDashboard\CoverageDashboard\.nuget\NuGet.exe = ..\..\..\KnowledgeCoverageDashboard\CoverageDashboard\.nuget\NuGet.exe
		..\..\..\KnowledgeCoverageDashboard\CoverageDashboard\.nuget\NuGet.targets = ..\..\..\KnowledgeCoverageDashboard\CoverageDashboard\.nuget\NuGet.targets
	EndProjectSection
EndProject
Project("{FAE04EC0-301F-11D3-BF4B-00C04F79EFBC}") = "CoverageDashboard.WebApi", "CoverageDashboard.WebApi\CoverageDashboard.WebApi.csproj", "{3BC01404-F7A9-4AC6-97D0-5EDE53D1A3D9}"
EndProject
Project("{FAE04EC0-301F-11D3-BF4B-00C04F79EFBC}") = "CoverageDashboard.WebApi.Tests", "CoverageDashboard.WebApi.Tests\CoverageDashboard.WebApi.Tests.csproj", "{92DC6C79-F255-4602-B593-02BFCF7FB018}"
EndProject
Global
	GlobalSection(SolutionConfigurationPlatforms) = preSolution
		Debug|Any CPU = Debug|Any CPU
		Release|Any CPU = Release|Any CPU
	EndGlobalSection
	GlobalSection(ProjectConfigurationPlatforms) = postSolution
		{9C66BCEF-DE7E-4D9E-B73B-3772F8EC948A}.Debug|Any CPU.ActiveCfg = Debug|Any CPU
		{9C66BCEF-DE7E-4D9E-B73B-3772F8EC948A}.Debug|Any CPU.Build.0 = Debug|Any CPU
		{9C66BCEF-DE7E-4D9E-B73B-3772F8EC948A}.Release|Any CPU.ActiveCfg = Release|Any CPU
		{9C66BCEF-DE7E-4D9E-B73B-3772F8EC948A}.Release|Any CPU.Build.0 = Release|Any CPU
		{B95E8722-1277-48F8-A854-4DDD2A37FE56}.Debug|Any CPU.ActiveCfg = Debug|Any CPU
		{B95E8722-1277-48F8-A854-4DDD2A37FE56}.Debug|Any CPU.Build.0 = Debug|Any CPU
		{B95E8722-1277-48F8-A854-4DDD2A37FE56}.Release|Any CPU.ActiveCfg = Release|Any CPU
		{B95E8722-1277-48F8-A854-4DDD2A37FE56}.Release|Any CPU.Build.0 = Release|Any CPU
		{6C8879D9-2F10-4151-A6E6-CF518076F408}.Debug|Any CPU.ActiveCfg = Debug|Any CPU
		{6C8879D9-2F10-4151-A6E6-CF518076F408}.Debug|Any CPU.Build.0 = Debug|Any CPU
		{6C8879D9-2F10-4151-A6E6-CF518076F408}.Release|Any CPU.ActiveCfg = Release|Any CPU
		{6C8879D9-2F10-4151-A6E6-CF518076F408}.Release|Any CPU.Build.0 = Release|Any CPU
		{3ED82F96-B686-4CA8-AC2C-A21B5C81C533}.Debug|Any CPU.ActiveCfg = Debug|Any CPU
		{3ED82F96-B686-4CA8-AC2C-A21B5C81C533}.Debug|Any CPU.Build.0 = Debug|Any CPU
		{3ED82F96-B686-4CA8-AC2C-A21B5C81C533}.Release|Any CPU.ActiveCfg = Release|Any CPU
		{3ED82F96-B686-4CA8-AC2C-A21B5C81C533}.Release|Any CPU.Build.0 = Release|Any CPU
		{3BC01404-F7A9-4AC6-97D0-5EDE53D1A3D9}.Debug|Any CPU.ActiveCfg = Debug|Any CPU
		{3BC01404-F7A9-4AC6-97D0-5EDE53D1A3D9}.Debug|Any CPU.Build.0 = Debug|Any CPU
		{3BC01404-F7A9-4AC6-97D0-5EDE53D1A3D9}.Release|Any CPU.ActiveCfg = Release|Any CPU
		{3BC01404-F7A9-4AC6-97D0-5EDE53D1A3D9}.Release|Any CPU.Build.0 = Release|Any CPU
		{92DC6C79-F255-4602-B593-02BFCF7FB018}.Debug|Any CPU.ActiveCfg = Debug|Any CPU
		{92DC6C79-F255-4602-B593-02BFCF7FB018}.Debug|Any CPU.Build.0 = Debug|Any CPU
		{92DC6C79-F255-4602-B593-02BFCF7FB018}.Release|Any CPU.ActiveCfg = Release|Any CPU
		{92DC6C79-F255-4602-B593-02BFCF7FB018}.Release|Any CPU.Build.0 = Release|Any CPU
	EndGlobalSection
	GlobalSection(SolutionProperties) = preSolution
		HideSolutionNode = FALSE
	EndGlobalSection
	GlobalSection(NestedProjects) = preSolution
		{92DC6C79-F255-4602-B593-02BFCF7FB018} = {3D43A9D2-3BC7-47B1-851D-4CD50F8EC7DC}
	EndGlobalSection
EndGlobal
